// !$*UTF8*$!
{
	archiveVersion = 1;
	classes = {
	};
	objectVersion = 50;
	objects = {

/* Begin PBXBuildFile section */
		2A4C7C7B23CF2115008089E0 /* Input.cpp in Sources */ = {isa = PBXBuildFile; fileRef = 2A4C7C5C23CF2114008089E0 /* Input.cpp */; };
		2A4C7C7C23CF2115008089E0 /* Cpu.cpp in Sources */ = {isa = PBXBuildFile; fileRef = 2A4C7C5D23CF2114008089E0 /* Cpu.cpp */; };
		2A4C7C7D23CF2115008089E0 /* String.cpp in Sources */ = {isa = PBXBuildFile; fileRef = 2A4C7C5F23CF2114008089E0 /* String.cpp */; };
		2A4C7C7E23CF2115008089E0 /* OutPort.cpp in Sources */ = {isa = PBXBuildFile; fileRef = 2A4C7C6C23CF2115008089E0 /* OutPort.cpp */; };
		2A4C7C7F23CF2115008089E0 /* Screen.cpp in Sources */ = {isa = PBXBuildFile; fileRef = 2A4C7C6E23CF2115008089E0 /* Screen.cpp */; };
		2A4C7C8023CF2115008089E0 /* Storage.cpp in Sources */ = {isa = PBXBuildFile; fileRef = 2A4C7C6F23CF2115008089E0 /* Storage.cpp */; };
		2A4C7C8123CF2115008089E0 /* Gpu.cpp in Sources */ = {isa = PBXBuildFile; fileRef = 2A4C7C7223CF2115008089E0 /* Gpu.cpp */; };
		2A4C7C8223CF2115008089E0 /* main.cpp in Sources */ = {isa = PBXBuildFile; fileRef = 2A4C7C7523CF2115008089E0 /* main.cpp */; };
		2A4C7C8323CF2115008089E0 /* InPort.cpp in Sources */ = {isa = PBXBuildFile; fileRef = 2A4C7C7623CF2115008089E0 /* InPort.cpp */; };
		2A4C7C9523CF28FF008089E0 /* libiconv.tbd in Frameworks */ = {isa = PBXBuildFile; fileRef = 2A4C7C8923CF2582008089E0 /* libiconv.tbd */; };
		2A4C7C9823CF290F008089E0 /* SDL2.framework in Frameworks */ = {isa = PBXBuildFile; fileRef = 2A4C7C9123CF27E1008089E0 /* SDL2.framework */; };
		2A4C7C9923CF290F008089E0 /* SDL2.framework in Embed Frameworks */ = {isa = PBXBuildFile; fileRef = 2A4C7C9123CF27E1008089E0 /* SDL2.framework */; settings = {ATTRIBUTES = (CodeSignOnCopy, RemoveHeadersOnCopy, ); }; };
		2A4C7C9B23CF2AE4008089E0 /* SDL2_ttf.framework in Frameworks */ = {isa = PBXBuildFile; fileRef = 2A4C7C9223CF27E1008089E0 /* SDL2_ttf.framework */; };
		2A4C7C9C23CF2AE4008089E0 /* SDL2_ttf.framework in Embed Frameworks */ = {isa = PBXBuildFile; fileRef = 2A4C7C9223CF27E1008089E0 /* SDL2_ttf.framework */; settings = {ATTRIBUTES = (CodeSignOnCopy, RemoveHeadersOnCopy, ); }; };
/* End PBXBuildFile section */

/* Begin PBXCopyFilesBuildPhase section */
		2A4C7C4F23CF20BB008089E0 /* CopyFiles */ = {
			isa = PBXCopyFilesBuildPhase;
			buildActionMask = 2147483647;
			dstPath = usr/share/man/man1;
			dstSubfolderSpec = 10;
			files = (
			);
			runOnlyForDeploymentPostprocessing = 1;
		};
		2A4C7C9A23CF290F008089E0 /* Embed Frameworks */ = {
			isa = PBXCopyFilesBuildPhase;
			buildActionMask = 2147483647;
			dstPath = "";
			dstSubfolderSpec = 10;
			files = (
				2A4C7C9C23CF2AE4008089E0 /* SDL2_ttf.framework in Embed Frameworks */,
				2A4C7C9923CF290F008089E0 /* SDL2.framework in Embed Frameworks */,
			);
			name = "Embed Frameworks";
			runOnlyForDeploymentPostprocessing = 0;
		};
/* End PBXCopyFilesBuildPhase section */

/* Begin PBXFileReference section */
		2A4C7C5123CF20BB008089E0 /* TestANVM */ = {isa = PBXFileReference; explicitFileType = "compiled.mach-o.executable"; includeInIndex = 0; path = TestANVM; sourceTree = BUILT_PRODUCTS_DIR; };
		2A4C7C5B23CF2114008089E0 /* String.h */ = {isa = PBXFileReference; fileEncoding = 4; lastKnownFileType = sourcecode.c.h; path = String.h; sourceTree = "<group>"; };
		2A4C7C5C23CF2114008089E0 /* Input.cpp */ = {isa = PBXFileReference; fileEncoding = 4; lastKnownFileType = sourcecode.cpp.cpp; path = Input.cpp; sourceTree = "<group>"; };
		2A4C7C5D23CF2114008089E0 /* Cpu.cpp */ = {isa = PBXFileReference; fileEncoding = 4; lastKnownFileType = sourcecode.cpp.cpp; path = Cpu.cpp; sourceTree = "<group>"; };
		2A4C7C5E23CF2114008089E0 /* Storage.h */ = {isa = PBXFileReference; fileEncoding = 4; lastKnownFileType = sourcecode.c.h; path = Storage.h; sourceTree = "<group>"; };
		2A4C7C5F23CF2114008089E0 /* String.cpp */ = {isa = PBXFileReference; fileEncoding = 4; lastKnownFileType = sourcecode.cpp.cpp; path = String.cpp; sourceTree = "<group>"; };
		2A4C7C6A23CF2115008089E0 /* anvm.h */ = {isa = PBXFileReference; fileEncoding = 4; lastKnownFileType = sourcecode.c.h; path = anvm.h; sourceTree = "<group>"; };
		2A4C7C6B23CF2115008089E0 /* Gpu.h */ = {isa = PBXFileReference; fileEncoding = 4; lastKnownFileType = sourcecode.c.h; path = Gpu.h; sourceTree = "<group>"; };
		2A4C7C6C23CF2115008089E0 /* OutPort.cpp */ = {isa = PBXFileReference; fileEncoding = 4; lastKnownFileType = sourcecode.cpp.cpp; path = OutPort.cpp; sourceTree = "<group>"; };
		2A4C7C6D23CF2115008089E0 /* ErrorLog.h */ = {isa = PBXFileReference; fileEncoding = 4; lastKnownFileType = sourcecode.c.h; path = ErrorLog.h; sourceTree = "<group>"; };
		2A4C7C6E23CF2115008089E0 /* Screen.cpp */ = {isa = PBXFileReference; fileEncoding = 4; lastKnownFileType = sourcecode.cpp.cpp; path = Screen.cpp; sourceTree = "<group>"; };
		2A4C7C6F23CF2115008089E0 /* Storage.cpp */ = {isa = PBXFileReference; fileEncoding = 4; lastKnownFileType = sourcecode.cpp.cpp; path = Storage.cpp; sourceTree = "<group>"; };
		2A4C7C7023CF2115008089E0 /* CoreConst.h */ = {isa = PBXFileReference; fileEncoding = 4; lastKnownFileType = sourcecode.c.h; path = CoreConst.h; sourceTree = "<group>"; };
		2A4C7C7123CF2115008089E0 /* Screen.h */ = {isa = PBXFileReference; fileEncoding = 4; lastKnownFileType = sourcecode.c.h; path = Screen.h; sourceTree = "<group>"; };
		2A4C7C7223CF2115008089E0 /* Gpu.cpp */ = {isa = PBXFileReference; fileEncoding = 4; lastKnownFileType = sourcecode.cpp.cpp; path = Gpu.cpp; sourceTree = "<group>"; };
		2A4C7C7323CF2115008089E0 /* Cpu.h */ = {isa = PBXFileReference; fileEncoding = 4; lastKnownFileType = sourcecode.c.h; path = Cpu.h; sourceTree = "<group>"; };
		2A4C7C7423CF2115008089E0 /* Input.h */ = {isa = PBXFileReference; fileEncoding = 4; lastKnownFileType = sourcecode.c.h; path = Input.h; sourceTree = "<group>"; };
		2A4C7C7523CF2115008089E0 /* main.cpp */ = {isa = PBXFileReference; fileEncoding = 4; lastKnownFileType = sourcecode.cpp.cpp; path = main.cpp; sourceTree = "<group>"; };
		2A4C7C7623CF2115008089E0 /* InPort.cpp */ = {isa = PBXFileReference; fileEncoding = 4; lastKnownFileType = sourcecode.cpp.cpp; path = InPort.cpp; sourceTree = "<group>"; };
		2A4C7C8923CF2582008089E0 /* libiconv.tbd */ = {isa = PBXFileReference; lastKnownFileType = "sourcecode.text-based-dylib-definition"; name = libiconv.tbd; path = usr/lib/libiconv.tbd; sourceTree = SDKROOT; };
		2A4C7C9123CF27E1008089E0 /* SDL2.framework */ = {isa = PBXFileReference; lastKnownFileType = wrapper.framework; name = SDL2.framework; path = TestANVM/SDL2.framework; sourceTree = "<group>"; };
		2A4C7C9223CF27E1008089E0 /* SDL2_ttf.framework */ = {isa = PBXFileReference; lastKnownFileType = wrapper.framework; name = SDL2_ttf.framework; path = TestANVM/SDL2_ttf.framework; sourceTree = "<group>"; };
/* End PBXFileReference section */

/* Begin PBXFrameworksBuildPhase section */
		2A4C7C4E23CF20BB008089E0 /* Frameworks */ = {
			isa = PBXFrameworksBuildPhase;
			buildActionMask = 2147483647;
			files = (
				2A4C7C9823CF290F008089E0 /* SDL2.framework in Frameworks */,
				2A4C7C9B23CF2AE4008089E0 /* SDL2_ttf.framework in Frameworks */,
				2A4C7C9523CF28FF008089E0 /* libiconv.tbd in Frameworks */,
			);
			runOnlyForDeploymentPostprocessing = 0;
		};
/* End PBXFrameworksBuildPhase section */

/* Begin PBXGroup section */
		2A4C7C4823CF20BB008089E0 = {
			isa = PBXGroup;
			children = (
				2A4C7C5323CF20BB008089E0 /* TestANVM */,
				2A4C7C5223CF20BB008089E0 /* Products */,
				2A4C7C8423CF236F008089E0 /* Frameworks */,
			);
			sourceTree = "<group>";
		};
		2A4C7C5223CF20BB008089E0 /* Products */ = {
			isa = PBXGroup;
			children = (
				2A4C7C5123CF20BB008089E0 /* TestANVM */,
			);
			name = Products;
			sourceTree = "<group>";
		};
		2A4C7C5323CF20BB008089E0 /* TestANVM */ = {
			isa = PBXGroup;
			children = (
				2A4C7C6A23CF2115008089E0 /* anvm.h */,
				2A4C7C7023CF2115008089E0 /* CoreConst.h */,
				2A4C7C5D23CF2114008089E0 /* Cpu.cpp */,
				2A4C7C7323CF2115008089E0 /* Cpu.h */,
				2A4C7C6D23CF2115008089E0 /* ErrorLog.h */,
				2A4C7C7223CF2115008089E0 /* Gpu.cpp */,
				2A4C7C6B23CF2115008089E0 /* Gpu.h */,
				2A4C7C7623CF2115008089E0 /* InPort.cpp */,
				2A4C7C5C23CF2114008089E0 /* Input.cpp */,
				2A4C7C7423CF2115008089E0 /* Input.h */,
				2A4C7C6C23CF2115008089E0 /* OutPort.cpp */,
				2A4C7C6E23CF2115008089E0 /* Screen.cpp */,
				2A4C7C7123CF2115008089E0 /* Screen.h */,
				2A4C7C6F23CF2115008089E0 /* Storage.cpp */,
				2A4C7C5E23CF2114008089E0 /* Storage.h */,
				2A4C7C5F23CF2114008089E0 /* String.cpp */,
				2A4C7C5B23CF2114008089E0 /* String.h */,
				2A4C7C7523CF2115008089E0 /* main.cpp */,
			);
			path = TestANVM;
			sourceTree = "<group>";
		};
		2A4C7C8423CF236F008089E0 /* Frameworks */ = {
			isa = PBXGroup;
			children = (
				2A4C7C9223CF27E1008089E0 /* SDL2_ttf.framework */,
				2A4C7C9123CF27E1008089E0 /* SDL2.framework */,
				2A4C7C8923CF2582008089E0 /* libiconv.tbd */,
			);
			name = Frameworks;
			sourceTree = "<group>";
		};
/* End PBXGroup section */

/* Begin PBXNativeTarget section */
		2A4C7C5023CF20BB008089E0 /* TestANVM */ = {
			isa = PBXNativeTarget;
			buildConfigurationList = 2A4C7C5823CF20BB008089E0 /* Build configuration list for PBXNativeTarget "TestANVM" */;
			buildPhases = (
				2A4C7C4D23CF20BB008089E0 /* Sources */,
				2A4C7C4E23CF20BB008089E0 /* Frameworks */,
				2A4C7C4F23CF20BB008089E0 /* CopyFiles */,
				2A4C7C9A23CF290F008089E0 /* Embed Frameworks */,
			);
			buildRules = (
			);
			dependencies = (
			);
			name = TestANVM;
			productName = TestANVM;
			productReference = 2A4C7C5123CF20BB008089E0 /* TestANVM */;
			productType = "com.apple.product-type.tool";
		};
/* End PBXNativeTarget section */

/* Begin PBXProject section */
		2A4C7C4923CF20BB008089E0 /* Project object */ = {
			isa = PBXProject;
			attributes = {
				LastUpgradeCheck = 1130;
				ORGANIZATIONNAME = dika;
				TargetAttributes = {
					2A4C7C5023CF20BB008089E0 = {
						CreatedOnToolsVersion = 11.3;
					};
				};
			};
			buildConfigurationList = 2A4C7C4C23CF20BB008089E0 /* Build configuration list for PBXProject "TestANVM" */;
			compatibilityVersion = "Xcode 9.3";
			developmentRegion = en;
			hasScannedForEncodings = 0;
			knownRegions = (
				en,
				Base,
			);
			mainGroup = 2A4C7C4823CF20BB008089E0;
			productRefGroup = 2A4C7C5223CF20BB008089E0 /* Products */;
			projectDirPath = "";
			projectRoot = "";
			targets = (
				2A4C7C5023CF20BB008089E0 /* TestANVM */,
			);
		};
/* End PBXProject section */

/* Begin PBXSourcesBuildPhase section */
		2A4C7C4D23CF20BB008089E0 /* Sources */ = {
			isa = PBXSourcesBuildPhase;
			buildActionMask = 2147483647;
			files = (
				2A4C7C7C23CF2115008089E0 /* Cpu.cpp in Sources */,
				2A4C7C8023CF2115008089E0 /* Storage.cpp in Sources */,
				2A4C7C8223CF2115008089E0 /* main.cpp in Sources */,
				2A4C7C7B23CF2115008089E0 /* Input.cpp in Sources */,
				2A4C7C7D23CF2115008089E0 /* String.cpp in Sources */,
				2A4C7C8323CF2115008089E0 /* InPort.cpp in Sources */,
				2A4C7C8123CF2115008089E0 /* Gpu.cpp in Sources */,
				2A4C7C7E23CF2115008089E0 /* OutPort.cpp in Sources */,
				2A4C7C7F23CF2115008089E0 /* Screen.cpp in Sources */,
			);
			runOnlyForDeploymentPostprocessing = 0;
		};
/* End PBXSourcesBuildPhase section */

/* Begin XCBuildConfiguration section */
		2A4C7C5623CF20BB008089E0 /* Debug */ = {
			isa = XCBuildConfiguration;
			buildSettings = {
				ALWAYS_SEARCH_USER_PATHS = NO;
				CLANG_ANALYZER_NONNULL = YES;
				CLANG_ANALYZER_NUMBER_OBJECT_CONVERSION = YES_AGGRESSIVE;
				CLANG_CXX_LANGUAGE_STANDARD = "gnu++14";
				CLANG_CXX_LIBRARY = "libc++";
				CLANG_ENABLE_MODULES = YES;
				CLANG_ENABLE_OBJC_ARC = YES;
				CLANG_ENABLE_OBJC_WEAK = YES;
				CLANG_WARN_BLOCK_CAPTURE_AUTORELEASING = YES;
				CLANG_WARN_BOOL_CONVERSION = YES;
				CLANG_WARN_COMMA = YES;
				CLANG_WARN_CONSTANT_CONVERSION = YES;
				CLANG_WARN_DEPRECATED_OBJC_IMPLEMENTATIONS = YES;
				CLANG_WARN_DIRECT_OBJC_ISA_USAGE = YES_ERROR;
				CLANG_WARN_DOCUMENTATION_COMMENTS = YES;
				CLANG_WARN_EMPTY_BODY = YES;
				CLANG_WARN_ENUM_CONVERSION = YES;
				CLANG_WARN_INFINITE_RECURSION = YES;
				CLANG_WARN_INT_CONVERSION = YES;
				CLANG_WARN_NON_LITERAL_NULL_CONVERSION = YES;
				CLANG_WARN_OBJC_IMPLICIT_RETAIN_SELF = YES;
				CLANG_WARN_OBJC_LITERAL_CONVERSION = YES;
				CLANG_WARN_OBJC_ROOT_CLASS = YES_ERROR;
				CLANG_WARN_RANGE_LOOP_ANALYSIS = YES;
				CLANG_WARN_STRICT_PROTOTYPES = YES;
				CLANG_WARN_SUSPICIOUS_MOVE = YES;
				CLANG_WARN_UNGUARDED_AVAILABILITY = YES_AGGRESSIVE;
				CLANG_WARN_UNREACHABLE_CODE = YES;
				CLANG_WARN__DUPLICATE_METHOD_MATCH = YES;
				COPY_PHASE_STRIP = NO;
				DEBUG_INFORMATION_FORMAT = dwarf;
				ENABLE_STRICT_OBJC_MSGSEND = YES;
				ENABLE_TESTABILITY = YES;
				GCC_C_LANGUAGE_STANDARD = gnu11;
				GCC_DYNAMIC_NO_PIC = NO;
				GCC_NO_COMMON_BLOCKS = YES;
				GCC_OPTIMIZATION_LEVEL = 0;
				GCC_PREPROCESSOR_DEFINITIONS = (
					"DEBUG=1",
					"$(inherited)",
				);
				GCC_WARN_64_TO_32_BIT_CONVERSION = YES;
				GCC_WARN_ABOUT_RETURN_TYPE = YES_ERROR;
				GCC_WARN_UNDECLARED_SELECTOR = YES;
				GCC_WARN_UNINITIALIZED_AUTOS = YES_AGGRESSIVE;
				GCC_WARN_UNUSED_FUNCTION = YES;
				GCC_WARN_UNUSED_VARIABLE = YES;
				MACOSX_DEPLOYMENT_TARGET = 10.14;
				MTL_ENABLE_DEBUG_INFO = INCLUDE_SOURCE;
				MTL_FAST_MATH = YES;
				ONLY_ACTIVE_ARCH = YES;
				SDKROOT = macosx;
			};
			name = Debug;
		};
		2A4C7C5723CF20BB008089E0 /* Release */ = {
			isa = XCBuildConfiguration;
			buildSettings = {
				ALWAYS_SEARCH_USER_PATHS = NO;
				CLANG_ANALYZER_NONNULL = YES;
				CLANG_ANALYZER_NUMBER_OBJECT_CONVERSION = YES_AGGRESSIVE;
				CLANG_CXX_LANGUAGE_STANDARD = "gnu++14";
				CLANG_CXX_LIBRARY = "libc++";
				CLANG_ENABLE_MODULES = YES;
				CLANG_ENABLE_OBJC_ARC = YES;
				CLANG_ENABLE_OBJC_WEAK = YES;
				CLANG_WARN_BLOCK_CAPTURE_AUTORELEASING = YES;
				CLANG_WARN_BOOL_CONVERSION = YES;
				CLANG_WARN_COMMA = YES;
				CLANG_WARN_CONSTANT_CONVERSION = YES;
				CLANG_WARN_DEPRECATED_OBJC_IMPLEMENTATIONS = YES;
				CLANG_WARN_DIRECT_OBJC_ISA_USAGE = YES_ERROR;
				CLANG_WARN_DOCUMENTATION_COMMENTS = YES;
				CLANG_WARN_EMPTY_BODY = YES;
				CLANG_WARN_ENUM_CONVERSION = YES;
				CLANG_WARN_INFINITE_RECURSION = YES;
				CLANG_WARN_INT_CONVERSION = YES;
				CLANG_WARN_NON_LITERAL_NULL_CONVERSION = YES;
				CLANG_WARN_OBJC_IMPLICIT_RETAIN_SELF = YES;
				CLANG_WARN_OBJC_LITERAL_CONVERSION = YES;
				CLANG_WARN_OBJC_ROOT_CLASS = YES_ERROR;
				CLANG_WARN_RANGE_LOOP_ANALYSIS = YES;
				CLANG_WARN_STRICT_PROTOTYPES = YES;
				CLANG_WARN_SUSPICIOUS_MOVE = YES;
				CLANG_WARN_UNGUARDED_AVAILABILITY = YES_AGGRESSIVE;
				CLANG_WARN_UNREACHABLE_CODE = YES;
				CLANG_WARN__DUPLICATE_METHOD_MATCH = YES;
				COPY_PHASE_STRIP = NO;
				DEBUG_INFORMATION_FORMAT = "dwarf-with-dsym";
				ENABLE_NS_ASSERTIONS = NO;
				ENABLE_STRICT_OBJC_MSGSEND = YES;
				GCC_C_LANGUAGE_STANDARD = gnu11;
				GCC_NO_COMMON_BLOCKS = YES;
				GCC_WARN_64_TO_32_BIT_CONVERSION = YES;
				GCC_WARN_ABOUT_RETURN_TYPE = YES_ERROR;
				GCC_WARN_UNDECLARED_SELECTOR = YES;
				GCC_WARN_UNINITIALIZED_AUTOS = YES_AGGRESSIVE;
				GCC_WARN_UNUSED_FUNCTION = YES;
				GCC_WARN_UNUSED_VARIABLE = YES;
				MACOSX_DEPLOYMENT_TARGET = 10.14;
				MTL_ENABLE_DEBUG_INFO = NO;
				MTL_FAST_MATH = YES;
				SDKROOT = macosx;
			};
			name = Release;
		};
		2A4C7C5923CF20BB008089E0 /* Debug */ = {
			isa = XCBuildConfiguration;
			buildSettings = {
				CODE_SIGN_STYLE = Automatic;
				DEVELOPMENT_TEAM = 92MPBCZ793;
				ENABLE_HARDENED_RUNTIME = YES;
				FRAMEWORK_SEARCH_PATHS = (
					"$(inherited)",
					"$(PROJECT_DIR)/TestANVM",
					"$(PROJECT_DIR)/TestANVM/SDL2_ttf.framework/Versions/A/Frameworks",
				);
				OTHER_CODE_SIGN_FLAGS = "--deep";
				PRODUCT_NAME = "$(TARGET_NAME)";
			};
			name = Debug;
		};
		2A4C7C5A23CF20BB008089E0 /* Release */ = {
			isa = XCBuildConfiguration;
			buildSettings = {
				CODE_SIGN_STYLE = Automatic;
				DEVELOPMENT_TEAM = 92MPBCZ793;
				ENABLE_HARDENED_RUNTIME = YES;
				FRAMEWORK_SEARCH_PATHS = (
					"$(inherited)",
					"$(PROJECT_DIR)/TestANVM",
					"$(PROJECT_DIR)/TestANVM/SDL2_ttf.framework/Versions/A/Frameworks",
				);
				OTHER_CODE_SIGN_FLAGS = "--deep";
				PRODUCT_NAME = "$(TARGET_NAME)";
			};
			name = Release;
		};
/* End XCBuildConfiguration section */

/* Begin XCConfigurationList section */
		2A4C7C4C23CF20BB008089E0 /* Build configuration list for PBXProject "TestANVM" */ = {
			isa = XCConfigurationList;
			buildConfigurations = (
				2A4C7C5623CF20BB008089E0 /* Debug */,
				2A4C7C5723CF20BB008089E0 /* Release */,
			);
			defaultConfigurationIsVisible = 0;
			defaultConfigurationName = Release;
		};
		2A4C7C5823CF20BB008089E0 /* Build configuration list for PBXNativeTarget "TestANVM" */ = {
			isa = XCConfigurationList;
			buildConfigurations = (
				2A4C7C5923CF20BB008089E0 /* Debug */,
				2A4C7C5A23CF20BB008089E0 /* Release */,
			);
			defaultConfigurationIsVisible = 0;
			defaultConfigurationName = Release;
		};
/* End XCConfigurationList section */
	};
	rootObject = 2A4C7C4923CF20BB008089E0 /* Project object */;
}
